
Microsoft Visual Studio Solution File, Format Version 12.00
# Visual Studio 15
VisualStudioVersion = 15.0.28307.1259
MinimumVisualStudioVersion = 10.0.40219.1
Project("{FAE04EC0-301F-11D3-BF4B-00C04F79EFBC}") = "AirlineReservation", "AirlineReservation\AirlineReservation.csproj", "{7F18CBCC-851D-41AC-95E3-D4049B0AABEF}"
EndProject
Global
	GlobalSection(SolutionConfigurationPlatforms) = preSolution
		Debug|Any CPU = Debug|Any CPU
		Release|Any CPU = Release|Any CPU
	EndGlobalSection
	GlobalSection(ProjectConfigurationPlatforms) = postSolution
		{7F18CBCC-851D-41AC-95E3-D4049B0AABEF}.Debug|Any CPU.ActiveCfg = Debug|Any CPU
		{7F18CBCC-851D-41AC-95E3-D4049B0AABEF}.Debug|Any CPU.Build.0 = Debug|Any CPU
		{7F18CBCC-851D-41AC-95E3-D4049B0AABEF}.Release|Any CPU.ActiveCfg = Release|Any CPU
		{7F18CBCC-851D-41AC-95E3-D4049B0AABEF}.Release|Any CPU.Build.0 = Release|Any CPU
	EndGlobalSection
	GlobalSection(SolutionProperties) = preSolution
		HideSolutionNode = FALSE
	EndGlobalSection
	GlobalSection(ExtensibilityGlobals) = postSolution
		SolutionGuid = {494D2D41-5AA6-4017-AD16-10A84A6833B4}
	EndGlobalSection
EndGlobal
